# @generated by Move, please check-in and do not edit manually.

[move]
version = 3
manifest_digest = "6AA797A30EAD1363F823FFEEFDC728CB124519A09BCF1A20A31A51358C4BE6AF"
deps_digest = "F8BBB0CCB2491CA29A3DF03D6F92277A4F3574266507ACD77214D37ECA3F3082"
dependencies = [
  { id = "Sui", name = "Sui" },
]

[[move.package]]
id = "MoveStdlib"
source = { git = "https://github.com/MystenLabs/sui.git", rev = "framework/testnet", subdir = "crates\\sui-framework\\packages\\move-stdlib" }

[[move.package]]
id = "Sui"
source = { git = "https://github.com/MystenLabs/sui.git", rev = "framework/testnet", subdir = "crates/sui-framework/packages/sui-framework" }

dependencies = [
  { id = "MoveStdlib", name = "MoveStdlib" },
]

[move.toolchain-version]
compiler-version = "1.35.1"
edition = "2024.beta"
flavor = "sui"

[env]

[env.testnet]
chain-id = "4c78adac"
original-published-id = "0x70fda4dee3c3aa8f305a8942940f3702c7febca054064e1c54588bbf1b2d86fe"
latest-published-id = "0x70fda4dee3c3aa8f305a8942940f3702c7febca054064e1c54588bbf1b2d86fe"
published-version = "1"
